
Microsoft Visual Studio Solution File, Format Version 12.00
# Visual Studio Version 17
VisualStudioVersion = 17.4.33103.184
MinimumVisualStudioVersion = 10.0.40219.1
Project("{FAE04EC0-301F-11D3-BF4B-00C04F79EFBC}") = "SMTPTester", "SMTPTester.csproj", "{0548DB64-E62F-4254-8099-3D1DCC287F82}"
EndProject
Project("{FAE04EC0-301F-11D3-BF4B-00C04F79EFBC}") = "SMTPTesterMk", "SMTPTester_MailKit\SMTPTesterMk\SMTPTesterMk.csproj", "{5C5B6CF4-6608-45EC-80C5-7F9731CFA3A9}"
EndProject
Global
	GlobalSection(SolutionConfigurationPlatforms) = preSolution
		Debug|Any CPU = Debug|Any CPU
		Release|Any CPU = Release|Any CPU
	EndGlobalSection
	GlobalSection(ProjectConfigurationPlatforms) = postSolution
		{0548DB64-E62F-4254-8099-3D1DCC287F82}.Debug|Any CPU.ActiveCfg = Debug|Any CPU
		{0548DB64-E62F-4254-8099-3D1DCC287F82}.Debug|Any CPU.Build.0 = Debug|Any CPU
		{0548DB64-E62F-4254-8099-3D1DCC287F82}.Release|Any CPU.ActiveCfg = Release|Any CPU
		{0548DB64-E62F-4254-8099-3D1DCC287F82}.Release|Any CPU.Build.0 = Release|Any CPU
		{5C5B6CF4-6608-45EC-80C5-7F9731CFA3A9}.Debug|Any CPU.ActiveCfg = Debug|Any CPU
		{5C5B6CF4-6608-45EC-80C5-7F9731CFA3A9}.Debug|Any CPU.Build.0 = Debug|Any CPU
		{5C5B6CF4-6608-45EC-80C5-7F9731CFA3A9}.Release|Any CPU.ActiveCfg = Release|Any CPU
		{5C5B6CF4-6608-45EC-80C5-7F9731CFA3A9}.Release|Any CPU.Build.0 = Release|Any CPU
	EndGlobalSection
	GlobalSection(SolutionProperties) = preSolution
		HideSolutionNode = FALSE
	EndGlobalSection
	GlobalSection(ExtensibilityGlobals) = postSolution
		SolutionGuid = {2F51D3FF-C69A-4580-8D58-47A6D3790B98}
	EndGlobalSection
EndGlobal
